
Microsoft Visual Studio Solution File, Format Version 12.00
# Visual Studio Version 16
VisualStudioVersion = 16.0.30320.27
MinimumVisualStudioVersion = 10.0.40219.1
Project("{FAE04EC0-301F-11D3-BF4B-00C04F79EFBC}") = "WinFormChartApp", "WinFormChartApp\WinFormChartApp.csproj", "{4690AEF5-AD28-4102-A3AF-4AE4F3A9DB6E}"
EndProject
Project("{FAE04EC0-301F-11D3-BF4B-00C04F79EFBC}") = "BasicChart", "BasicChart\BasicChart.csproj", "{25658CDC-4B7C-4776-BBAC-6FC6EC642857}"
EndProject
Project("{FAE04EC0-301F-11D3-BF4B-00C04F79EFBC}") = "MVVMChartApp", "MVVMChartApp\MVVMChartApp.csproj", "{45124952-6538-4CA0-8727-BB3C102FF050}"
EndProject
Global
	GlobalSection(SolutionConfigurationPlatforms) = preSolution
		Debug|Any CPU = Debug|Any CPU
		Release|Any CPU = Release|Any CPU
	EndGlobalSection
	GlobalSection(ProjectConfigurationPlatforms) = postSolution
		{4690AEF5-AD28-4102-A3AF-4AE4F3A9DB6E}.Debug|Any CPU.ActiveCfg = Debug|Any CPU
		{4690AEF5-AD28-4102-A3AF-4AE4F3A9DB6E}.Debug|Any CPU.Build.0 = Debug|Any CPU
		{4690AEF5-AD28-4102-A3AF-4AE4F3A9DB6E}.Release|Any CPU.ActiveCfg = Release|Any CPU
		{4690AEF5-AD28-4102-A3AF-4AE4F3A9DB6E}.Release|Any CPU.Build.0 = Release|Any CPU
		{25658CDC-4B7C-4776-BBAC-6FC6EC642857}.Debug|Any CPU.ActiveCfg = Debug|Any CPU
		{25658CDC-4B7C-4776-BBAC-6FC6EC642857}.Debug|Any CPU.Build.0 = Debug|Any CPU
		{25658CDC-4B7C-4776-BBAC-6FC6EC642857}.Release|Any CPU.ActiveCfg = Release|Any CPU
		{25658CDC-4B7C-4776-BBAC-6FC6EC642857}.Release|Any CPU.Build.0 = Release|Any CPU
		{45124952-6538-4CA0-8727-BB3C102FF050}.Debug|Any CPU.ActiveCfg = Debug|Any CPU
		{45124952-6538-4CA0-8727-BB3C102FF050}.Debug|Any CPU.Build.0 = Debug|Any CPU
		{45124952-6538-4CA0-8727-BB3C102FF050}.Release|Any CPU.ActiveCfg = Release|Any CPU
		{45124952-6538-4CA0-8727-BB3C102FF050}.Release|Any CPU.Build.0 = Release|Any CPU
	EndGlobalSection
	GlobalSection(SolutionProperties) = preSolution
		HideSolutionNode = FALSE
	EndGlobalSection
	GlobalSection(ExtensibilityGlobals) = postSolution
		SolutionGuid = {C19E30A6-A5DF-4682-8ABB-2D409CDCCD56}
	EndGlobalSection
EndGlobal
